
Microsoft Visual Studio Solution File, Format Version 12.00
# Visual Studio Version 17
VisualStudioVersion = 17.5.33424.131
MinimumVisualStudioVersion = 10.0.40219.1
Project("{FAE04EC0-301F-11D3-BF4B-00C04F79EFBC}") = "MDT-Step2", "MDT-Step2.csproj", "{F1BAB7F3-5EA9-4570-BE88-432424131D4F}"
EndProject
Global
	GlobalSection(SolutionConfigurationPlatforms) = preSolution
		Debug|Any CPU = Debug|Any CPU
		Release|Any CPU = Release|Any CPU
	EndGlobalSection
	GlobalSection(ProjectConfigurationPlatforms) = postSolution
		{F1BAB7F3-5EA9-4570-BE88-432424131D4F}.Debug|Any CPU.ActiveCfg = Debug|Any CPU
		{F1BAB7F3-5EA9-4570-BE88-432424131D4F}.Debug|Any CPU.Build.0 = Debug|Any CPU
		{F1BAB7F3-5EA9-4570-BE88-432424131D4F}.Release|Any CPU.ActiveCfg = Release|Any CPU
		{F1BAB7F3-5EA9-4570-BE88-432424131D4F}.Release|Any CPU.Build.0 = Release|Any CPU
	EndGlobalSection
	GlobalSection(SolutionProperties) = preSolution
		HideSolutionNode = FALSE
	EndGlobalSection
	GlobalSection(ExtensibilityGlobals) = postSolution
		SolutionGuid = {C9F95CC9-170C-49E6-A0FF-2C3DCCC4AB96}
	EndGlobalSection
EndGlobal
